PODS:
  - Capacitor (5.5.1):
    - CapacitorCordova
  - CapacitorCordova (5.5.1)
  - CapacitorPreferences (5.0.6):
    - Capacitor

DEPENDENCIES:
  - "Capacitor (from `../../node_modules/@capacitor/ios`)"
  - "CapacitorCordova (from `../../node_modules/@capacitor/ios`)"
  - "CapacitorPreferences (from `../../node_modules/@capacitor/preferences`)"

EXTERNAL SOURCES:
  Capacitor:
    :path: "../../node_modules/@capacitor/ios"
  CapacitorCordova:
    :path: "../../node_modules/@capacitor/ios"
  CapacitorPreferences:
    :path: "../../node_modules/@capacitor/preferences"

SPEC CHECKSUMS:
  Capacitor: 9da0a2415e3b6098511f8b5ffdb578d91ee79f8f
  CapacitorCordova: e128cc7688c070ca0bfa439898a5f609da8dbcfe
  CapacitorPreferences: f03954bcb0ff09c792909e46bff88e3183c16b10

PODFILE CHECKSUM: 769e120bf4dfe4ef1095b83775e36bafeeeb3cdd

COCOAPODS: 1.11.3
